// !$*UTF8*$!
{
	archiveVersion = 1;
	classes = {
	};
	objectVersion = 51;
	objects = {

/* Begin PBXBuildFile section */
		4B90C82332896B992C13F081 /* Pods_Papanam.framework in Frameworks */ = {isa = PBXBuildFile; fileRef = 7504795B2F93CBD9C554EC90 /* Pods_Papanam.framework */; };
		A614F093264A1E0A007610C6 /* MenuOptionsViewModel.swift in Sources */ = {isa = PBXBuildFile; fileRef = A614F092264A1E0A007610C6 /* MenuOptionsViewModel.swift */; };
		A614F095264A6D6F007610C6 /* SettingsController.swift in Sources */ = {isa = PBXBuildFile; fileRef = A614F094264A6D6F007610C6 /* SettingsController.swift */; };
		A614F097264A7615007610C6 /* UserInfoHeader.swift in Sources */ = {isa = PBXBuildFile; fileRef = A614F096264A7615007610C6 /* UserInfoHeader.swift */; };
		A62C3219264B5FC90015E2E0 /* SettingsViewModel.swift in Sources */ = {isa = PBXBuildFile; fileRef = A62C3218264B5FC90015E2E0 /* SettingsViewModel.swift */; };
		A62C321C264B63B00015E2E0 /* AddLocationController.swift in Sources */ = {isa = PBXBuildFile; fileRef = A62C321B264B63B00015E2E0 /* AddLocationController.swift */; };
		A62C321E264BABC10015E2E0 /* CircularProgressView.swift in Sources */ = {isa = PBXBuildFile; fileRef = A62C321D264BABC10015E2E0 /* CircularProgressView.swift */; };
		A64A7A9B2640D1BF009FBF48 /* LocationInputCell.swift in Sources */ = {isa = PBXBuildFile; fileRef = A64A7A9A2640D1BF009FBF48 /* LocationInputCell.swift */; };
		A64A7A9F2640EF9D009FBF48 /* LocationService.swift in Sources */ = {isa = PBXBuildFile; fileRef = A64A7A9E2640EF9D009FBF48 /* LocationService.swift */; };
		A64A7AA3264115A7009FBF48 /* Database+Extensions.swift in Sources */ = {isa = PBXBuildFile; fileRef = A64A7AA2264115A7009FBF48 /* Database+Extensions.swift */; };
		A64A7AA526411E99009FBF48 /* DriverAnnotation.swift in Sources */ = {isa = PBXBuildFile; fileRef = A64A7AA426411E99009FBF48 /* DriverAnnotation.swift */; };
		A64A7AA72641231A009FBF48 /* MKAnnotationView+Extensions.swift in Sources */ = {isa = PBXBuildFile; fileRef = A64A7AA62641231A009FBF48 /* MKAnnotationView+Extensions.swift */; };
		A6651DD7264901DB004064A2 /* DriverService.swift in Sources */ = {isa = PBXBuildFile; fileRef = A6651DD6264901DB004064A2 /* DriverService.swift */; };
		A6651DD9264903DB004064A2 /* PassengerService.swift in Sources */ = {isa = PBXBuildFile; fileRef = A6651DD8264903DB004064A2 /* PassengerService.swift */; };
		A6651DDC264909DE004064A2 /* MenuController.swift in Sources */ = {isa = PBXBuildFile; fileRef = A6651DDB264909DE004064A2 /* MenuController.swift */; };
		A6651DDE264909F2004064A2 /* ContainerController.swift in Sources */ = {isa = PBXBuildFile; fileRef = A6651DDD264909F2004064A2 /* ContainerController.swift */; };
		A6651DE12649140F004064A2 /* ContainerViewModel.swift in Sources */ = {isa = PBXBuildFile; fileRef = A6651DE02649140F004064A2 /* ContainerViewModel.swift */; };
		A6651DE326491D42004064A2 /* MenuHeader.swift in Sources */ = {isa = PBXBuildFile; fileRef = A6651DE226491D42004064A2 /* MenuHeader.swift */; };
		A6651DE526491E28004064A2 /* MenuViewModel.swift in Sources */ = {isa = PBXBuildFile; fileRef = A6651DE426491E28004064A2 /* MenuViewModel.swift */; };
		A68D458026422E0F000D969C /* MKPlacemark+Extensions.swift in Sources */ = {isa = PBXBuildFile; fileRef = A68D457F26422E0F000D969C /* MKPlacemark+Extensions.swift */; };
		A68D45822642653E000D969C /* RideActionView.swift in Sources */ = {isa = PBXBuildFile; fileRef = A68D45812642653E000D969C /* RideActionView.swift */; };
		A68D458426427440000D969C /* MKMapView+Extensions.swift in Sources */ = {isa = PBXBuildFile; fileRef = A68D458326427440000D969C /* MKMapView+Extensions.swift */; };
		A68D458826427FBC000D969C /* Trip.swift in Sources */ = {isa = PBXBuildFile; fileRef = A68D458726427FBC000D969C /* Trip.swift */; };
		A690FAB6263CDBAD005F1C98 /* AppDelegate.swift in Sources */ = {isa = PBXBuildFile; fileRef = A690FAB5263CDBAD005F1C98 /* AppDelegate.swift */; };
		A690FAB8263CDBAD005F1C98 /* SceneDelegate.swift in Sources */ = {isa = PBXBuildFile; fileRef = A690FAB7263CDBAD005F1C98 /* SceneDelegate.swift */; };
		A690FABF263CDBAE005F1C98 /* Assets.xcassets in Resources */ = {isa = PBXBuildFile; fileRef = A690FABE263CDBAE005F1C98 /* Assets.xcassets */; };
		A690FAC2263CDBAE005F1C98 /* LaunchScreen.storyboard in Resources */ = {isa = PBXBuildFile; fileRef = A690FAC0263CDBAE005F1C98 /* LaunchScreen.storyboard */; };
		A690FACB263CDD75005F1C98 /* LoginController.swift in Sources */ = {isa = PBXBuildFile; fileRef = A690FACA263CDD75005F1C98 /* LoginController.swift */; };
		A690FACE263CDDFA005F1C98 /* UIView+Extensions.swift in Sources */ = {isa = PBXBuildFile; fileRef = A690FACD263CDDFA005F1C98 /* UIView+Extensions.swift */; };
		A690FAD0263CDFD0005F1C98 /* UIColor+Extensions.swift in Sources */ = {isa = PBXBuildFile; fileRef = A690FACF263CDFD0005F1C98 /* UIColor+Extensions.swift */; };
		A690FAD3263CEB0A005F1C98 /* FormTextField.swift in Sources */ = {isa = PBXBuildFile; fileRef = A690FAD2263CEB0A005F1C98 /* FormTextField.swift */; };
		A690FAD5263CEC0C005F1C98 /* FormFieldContainer.swift in Sources */ = {isa = PBXBuildFile; fileRef = A690FAD4263CEC0C005F1C98 /* FormFieldContainer.swift */; };
		A690FAD7263CED0F005F1C98 /* UIImage+Extensions.swift in Sources */ = {isa = PBXBuildFile; fileRef = A690FAD6263CED0F005F1C98 /* UIImage+Extensions.swift */; };
		A690FADB263CF4E0005F1C98 /* FormButton.swift in Sources */ = {isa = PBXBuildFile; fileRef = A690FADA263CF4E0005F1C98 /* FormButton.swift */; };
		A690FADD263CF61D005F1C98 /* FormAttributedButton.swift in Sources */ = {isa = PBXBuildFile; fileRef = A690FADC263CF61D005F1C98 /* FormAttributedButton.swift */; };
		A690FADF263CFC86005F1C98 /* RegistrationController.swift in Sources */ = {isa = PBXBuildFile; fileRef = A690FADE263CFC86005F1C98 /* RegistrationController.swift */; };
		A690FAE1263CFE0D005F1C98 /* UILabel+Extensions.swift in Sources */ = {isa = PBXBuildFile; fileRef = A690FAE0263CFE0D005F1C98 /* UILabel+Extensions.swift */; };
		A69CEE9A2644E09600AF27CF /* RideActionViewModel.swift in Sources */ = {isa = PBXBuildFile; fileRef = A69CEE992644E09600AF27CF /* RideActionViewModel.swift */; };
		A6B62DBE263F8746008BB0EB /* AuthService.swift in Sources */ = {isa = PBXBuildFile; fileRef = A6B62DBD263F8746008BB0EB /* AuthService.swift */; };
		A6B62DC1263F8783008BB0EB /* NewUser.swift in Sources */ = {isa = PBXBuildFile; fileRef = A6B62DC0263F8783008BB0EB /* NewUser.swift */; };
		A6B62DC3263F8E64008BB0EB /* Encodable+Extensions.swift in Sources */ = {isa = PBXBuildFile; fileRef = A6B62DC2263F8E64008BB0EB /* Encodable+Extensions.swift */; };
		A6B62DC5263F9240008BB0EB /* GoogleService-Info.plist in Resources */ = {isa = PBXBuildFile; fileRef = A6B62DC4263F9240008BB0EB /* GoogleService-Info.plist */; };
		A6B62DC8263F9572008BB0EB /* RegistrationViewModel.swift in Sources */ = {isa = PBXBuildFile; fileRef = A6B62DC7263F9572008BB0EB /* RegistrationViewModel.swift */; };
		A6B62DCA263F9AA7008BB0EB /* LoginViewModel.swift in Sources */ = {isa = PBXBuildFile; fileRef = A6B62DC9263F9AA7008BB0EB /* LoginViewModel.swift */; };
		A6B62DCC263F9D46008BB0EB /* User.swift in Sources */ = {isa = PBXBuildFile; fileRef = A6B62DCB263F9D46008BB0EB /* User.swift */; };
		A6B62DCE263FC779008BB0EB /* HomeController.swift in Sources */ = {isa = PBXBuildFile; fileRef = A6B62DCD263FC779008BB0EB /* HomeController.swift */; };
		A6B62DD1263FCE03008BB0EB /* HomeViewModel.swift in Sources */ = {isa = PBXBuildFile; fileRef = A6B62DD0263FCE03008BB0EB /* HomeViewModel.swift */; };
		A6B62DD3263FE0B2008BB0EB /* LocationInputActivationView.swift in Sources */ = {isa = PBXBuildFile; fileRef = A6B62DD2263FE0B2008BB0EB /* LocationInputActivationView.swift */; };
		A6B62DD5263FF33B008BB0EB /* LocationInputView.swift in Sources */ = {isa = PBXBuildFile; fileRef = A6B62DD4263FF33B008BB0EB /* LocationInputView.swift */; };
		A6B62DD7263FFE31008BB0EB /* LocationInputTextField.swift in Sources */ = {isa = PBXBuildFile; fileRef = A6B62DD6263FFE31008BB0EB /* LocationInputTextField.swift */; };
		A6C5BB5726437F3100D78520 /* PickupController.swift in Sources */ = {isa = PBXBuildFile; fileRef = A6C5BB5626437F3100D78520 /* PickupController.swift */; };
		A6C5BB5926437FC300D78520 /* PickupViewModel.swift in Sources */ = {isa = PBXBuildFile; fileRef = A6C5BB5826437FC300D78520 /* PickupViewModel.swift */; };
		A6C5BB5B26438D9A00D78520 /* CLLocationCoordinate2D+Extensions.swift in Sources */ = {isa = PBXBuildFile; fileRef = A6C5BB5A26438D9A00D78520 /* CLLocationCoordinate2D+Extensions.swift */; };
		A6C5BB5F26439B4B00D78520 /* Place.swift in Sources */ = {isa = PBXBuildFile; fileRef = A6C5BB5E26439B4B00D78520 /* Place.swift */; };
		A6C5BB612643BC5200D78520 /* CLPlacemark+Extensions.swift in Sources */ = {isa = PBXBuildFile; fileRef = A6C5BB602643BC5200D78520 /* CLPlacemark+Extensions.swift */; };
		A6C5BB632643C6B600D78520 /* PickupTextLabel.swift in Sources */ = {isa = PBXBuildFile; fileRef = A6C5BB622643C6B600D78520 /* PickupTextLabel.swift */; };
/* End PBXBuildFile section */

/* Begin PBXFileReference section */
		2605A12B7A5AC82D956F0CDD /* Pods-Papanam.debug.xcconfig */ = {isa = PBXFileReference; includeInIndex = 1; lastKnownFileType = text.xcconfig; name = "Pods-Papanam.debug.xcconfig"; path = "Target Support Files/Pods-Papanam/Pods-Papanam.debug.xcconfig"; sourceTree = "<group>"; };
		43AB806A337280800B293647 /* Pods-Papanam.release.xcconfig */ = {isa = PBXFileReference; includeInIndex = 1; lastKnownFileType = text.xcconfig; name = "Pods-Papanam.release.xcconfig"; path = "Target Support Files/Pods-Papanam/Pods-Papanam.release.xcconfig"; sourceTree = "<group>"; };
		7504795B2F93CBD9C554EC90 /* Pods_Papanam.framework */ = {isa = PBXFileReference; explicitFileType = wrapper.framework; includeInIndex = 0; path = Pods_Papanam.framework; sourceTree = BUILT_PRODUCTS_DIR; };
		A614F092264A1E0A007610C6 /* MenuOptionsViewModel.swift */ = {isa = PBXFileReference; lastKnownFileType = sourcecode.swift; path = MenuOptionsViewModel.swift; sourceTree = "<group>"; };
		A614F094264A6D6F007610C6 /* SettingsController.swift */ = {isa = PBXFileReference; lastKnownFileType = sourcecode.swift; path = SettingsController.swift; sourceTree = "<group>"; };
		A614F096264A7615007610C6 /* UserInfoHeader.swift */ = {isa = PBXFileReference; lastKnownFileType = sourcecode.swift; path = UserInfoHeader.swift; sourceTree = "<group>"; };
		A62C3218264B5FC90015E2E0 /* SettingsViewModel.swift */ = {isa = PBXFileReference; lastKnownFileType = sourcecode.swift; path = SettingsViewModel.swift; sourceTree = "<group>"; };
		A62C321B264B63B00015E2E0 /* AddLocationController.swift */ = {isa = PBXFileReference; lastKnownFileType = sourcecode.swift; path = AddLocationController.swift; sourceTree = "<group>"; };
		A62C321D264BABC10015E2E0 /* CircularProgressView.swift */ = {isa = PBXFileReference; lastKnownFileType = sourcecode.swift; path = CircularProgressView.swift; sourceTree = "<group>"; };
		A64A7A9A2640D1BF009FBF48 /* LocationInputCell.swift */ = {isa = PBXFileReference; lastKnownFileType = sourcecode.swift; path = LocationInputCell.swift; sourceTree = "<group>"; };
		A64A7A9E2640EF9D009FBF48 /* LocationService.swift */ = {isa = PBXFileReference; lastKnownFileType = sourcecode.swift; path = LocationService.swift; sourceTree = "<group>"; };
		A64A7AA2264115A7009FBF48 /* Database+Extensions.swift */ = {isa = PBXFileReference; lastKnownFileType = sourcecode.swift; path = "Database+Extensions.swift"; sourceTree = "<group>"; };
		A64A7AA426411E99009FBF48 /* DriverAnnotation.swift */ = {isa = PBXFileReference; lastKnownFileType = sourcecode.swift; path = DriverAnnotation.swift; sourceTree = "<group>"; };
		A64A7AA62641231A009FBF48 /* MKAnnotationView+Extensions.swift */ = {isa = PBXFileReference; lastKnownFileType = sourcecode.swift; path = "MKAnnotationView+Extensions.swift"; sourceTree = "<group>"; };
		A6651DD6264901DB004064A2 /* DriverService.swift */ = {isa = PBXFileReference; lastKnownFileType = sourcecode.swift; path = DriverService.swift; sourceTree = "<group>"; };
		A6651DD8264903DB004064A2 /* PassengerService.swift */ = {isa = PBXFileReference; lastKnownFileType = sourcecode.swift; path = PassengerService.swift; sourceTree = "<group>"; };
		A6651DDB264909DE004064A2 /* MenuController.swift */ = {isa = PBXFileReference; lastKnownFileType = sourcecode.swift; path = MenuController.swift; sourceTree = "<group>"; };
		A6651DDD264909F2004064A2 /* ContainerController.swift */ = {isa = PBXFileReference; lastKnownFileType = sourcecode.swift; path = ContainerController.swift; sourceTree = "<group>"; };
		A6651DE02649140F004064A2 /* ContainerViewModel.swift */ = {isa = PBXFileReference; lastKnownFileType = sourcecode.swift; path = ContainerViewModel.swift; sourceTree = "<group>"; };
		A6651DE226491D42004064A2 /* MenuHeader.swift */ = {isa = PBXFileReference; lastKnownFileType = sourcecode.swift; path = MenuHeader.swift; sourceTree = "<group>"; };
		A6651DE426491E28004064A2 /* MenuViewModel.swift */ = {isa = PBXFileReference; lastKnownFileType = sourcecode.swift; path = MenuViewModel.swift; sourceTree = "<group>"; };
		A68D457F26422E0F000D969C /* MKPlacemark+Extensions.swift */ = {isa = PBXFileReference; lastKnownFileType = sourcecode.swift; path = "MKPlacemark+Extensions.swift"; sourceTree = "<group>"; };
		A68D45812642653E000D969C /* RideActionView.swift */ = {isa = PBXFileReference; lastKnownFileType = sourcecode.swift; path = RideActionView.swift; sourceTree = "<group>"; };
		A68D458326427440000D969C /* MKMapView+Extensions.swift */ = {isa = PBXFileReference; lastKnownFileType = sourcecode.swift; path = "MKMapView+Extensions.swift"; sourceTree = "<group>"; };
		A68D458726427FBC000D969C /* Trip.swift */ = {isa = PBXFileReference; lastKnownFileType = sourcecode.swift; path = Trip.swift; sourceTree = "<group>"; };
		A690FAB2263CDBAD005F1C98 /* Papanam.app */ = {isa = PBXFileReference; explicitFileType = wrapper.application; includeInIndex = 0; path = Papanam.app; sourceTree = BUILT_PRODUCTS_DIR; };
		A690FAB5263CDBAD005F1C98 /* AppDelegate.swift */ = {isa = PBXFileReference; lastKnownFileType = sourcecode.swift; path = AppDelegate.swift; sourceTree = "<group>"; };
		A690FAB7263CDBAD005F1C98 /* SceneDelegate.swift */ = {isa = PBXFileReference; lastKnownFileType = sourcecode.swift; path = SceneDelegate.swift; sourceTree = "<group>"; };
		A690FABE263CDBAE005F1C98 /* Assets.xcassets */ = {isa = PBXFileReference; lastKnownFileType = folder.assetcatalog; path = Assets.xcassets; sourceTree = "<group>"; };
		A690FAC1263CDBAE005F1C98 /* Base */ = {isa = PBXFileReference; lastKnownFileType = file.storyboard; name = Base; path = Base.lproj/LaunchScreen.storyboard; sourceTree = "<group>"; };
		A690FAC3263CDBAE005F1C98 /* Info.plist */ = {isa = PBXFileReference; lastKnownFileType = text.plist.xml; path = Info.plist; sourceTree = "<group>"; };
		A690FACA263CDD75005F1C98 /* LoginController.swift */ = {isa = PBXFileReference; lastKnownFileType = sourcecode.swift; path = LoginController.swift; sourceTree = "<group>"; };
		A690FACD263CDDFA005F1C98 /* UIView+Extensions.swift */ = {isa = PBXFileReference; lastKnownFileType = sourcecode.swift; path = "UIView+Extensions.swift"; sourceTree = "<group>"; };
		A690FACF263CDFD0005F1C98 /* UIColor+Extensions.swift */ = {isa = PBXFileReference; lastKnownFileType = sourcecode.swift; path = "UIColor+Extensions.swift"; sourceTree = "<group>"; };
		A690FAD2263CEB0A005F1C98 /* FormTextField.swift */ = {isa = PBXFileReference; lastKnownFileType = sourcecode.swift; path = FormTextField.swift; sourceTree = "<group>"; };
		A690FAD4263CEC0C005F1C98 /* FormFieldContainer.swift */ = {isa = PBXFileReference; lastKnownFileType = sourcecode.swift; path = FormFieldContainer.swift; sourceTree = "<group>"; };
		A690FAD6263CED0F005F1C98 /* UIImage+Extensions.swift */ = {isa = PBXFileReference; lastKnownFileType = sourcecode.swift; path = "UIImage+Extensions.swift"; sourceTree = "<group>"; };
		A690FADA263CF4E0005F1C98 /* FormButton.swift */ = {isa = PBXFileReference; lastKnownFileType = sourcecode.swift; path = FormButton.swift; sourceTree = "<group>"; };
		A690FADC263CF61D005F1C98 /* FormAttributedButton.swift */ = {isa = PBXFileReference; lastKnownFileType = sourcecode.swift; path = FormAttributedButton.swift; sourceTree = "<group>"; };
		A690FADE263CFC86005F1C98 /* RegistrationController.swift */ = {isa = PBXFileReference; lastKnownFileType = sourcecode.swift; path = RegistrationController.swift; sourceTree = "<group>"; };
		A690FAE0263CFE0D005F1C98 /* UILabel+Extensions.swift */ = {isa = PBXFileReference; lastKnownFileType = sourcecode.swift; path = "UILabel+Extensions.swift"; sourceTree = "<group>"; };
		A69CEE992644E09600AF27CF /* RideActionViewModel.swift */ = {isa = PBXFileReference; lastKnownFileType = sourcecode.swift; path = RideActionViewModel.swift; sourceTree = "<group>"; };
		A6B62DBD263F8746008BB0EB /* AuthService.swift */ = {isa = PBXFileReference; lastKnownFileType = sourcecode.swift; path = AuthService.swift; sourceTree = "<group>"; };
		A6B62DC0263F8783008BB0EB /* NewUser.swift */ = {isa = PBXFileReference; lastKnownFileType = sourcecode.swift; path = NewUser.swift; sourceTree = "<group>"; };
		A6B62DC2263F8E64008BB0EB /* Encodable+Extensions.swift */ = {isa = PBXFileReference; lastKnownFileType = sourcecode.swift; path = "Encodable+Extensions.swift"; sourceTree = "<group>"; };
		A6B62DC4263F9240008BB0EB /* GoogleService-Info.plist */ = {isa = PBXFileReference; fileEncoding = 4; lastKnownFileType = text.plist.xml; path = "GoogleService-Info.plist"; sourceTree = "<group>"; };
		A6B62DC7263F9572008BB0EB /* RegistrationViewModel.swift */ = {isa = PBXFileReference; lastKnownFileType = sourcecode.swift; path = RegistrationViewModel.swift; sourceTree = "<group>"; };
		A6B62DC9263F9AA7008BB0EB /* LoginViewModel.swift */ = {isa = PBXFileReference; lastKnownFileType = sourcecode.swift; path = LoginViewModel.swift; sourceTree = "<group>"; };
		A6B62DCB263F9D46008BB0EB /* User.swift */ = {isa = PBXFileReference; lastKnownFileType = sourcecode.swift; path = User.swift; sourceTree = "<group>"; };
		A6B62DCD263FC779008BB0EB /* HomeController.swift */ = {isa = PBXFileReference; lastKnownFileType = sourcecode.swift; path = HomeController.swift; sourceTree = "<group>"; };
		A6B62DD0263FCE03008BB0EB /* HomeViewModel.swift */ = {isa = PBXFileReference; lastKnownFileType = sourcecode.swift; path = HomeViewModel.swift; sourceTree = "<group>"; };
		A6B62DD2263FE0B2008BB0EB /* LocationInputActivationView.swift */ = {isa = PBXFileReference; lastKnownFileType = sourcecode.swift; path = LocationInputActivationView.swift; sourceTree = "<group>"; };
		A6B62DD4263FF33B008BB0EB /* LocationInputView.swift */ = {isa = PBXFileReference; lastKnownFileType = sourcecode.swift; path = LocationInputView.swift; sourceTree = "<group>"; };
		A6B62DD6263FFE31008BB0EB /* LocationInputTextField.swift */ = {isa = PBXFileReference; lastKnownFileType = sourcecode.swift; path = LocationInputTextField.swift; sourceTree = "<group>"; };
		A6C5BB5626437F3100D78520 /* PickupController.swift */ = {isa = PBXFileReference; lastKnownFileType = sourcecode.swift; path = PickupController.swift; sourceTree = "<group>"; };
		A6C5BB5826437FC300D78520 /* PickupViewModel.swift */ = {isa = PBXFileReference; lastKnownFileType = sourcecode.swift; path = PickupViewModel.swift; sourceTree = "<group>"; };
		A6C5BB5A26438D9A00D78520 /* CLLocationCoordinate2D+Extensions.swift */ = {isa = PBXFileReference; lastKnownFileType = sourcecode.swift; path = "CLLocationCoordinate2D+Extensions.swift"; sourceTree = "<group>"; };
		A6C5BB5E26439B4B00D78520 /* Place.swift */ = {isa = PBXFileReference; lastKnownFileType = sourcecode.swift; path = Place.swift; sourceTree = "<group>"; };
		A6C5BB602643BC5200D78520 /* CLPlacemark+Extensions.swift */ = {isa = PBXFileReference; lastKnownFileType = sourcecode.swift; path = "CLPlacemark+Extensions.swift"; sourceTree = "<group>"; };
		A6C5BB622643C6B600D78520 /* PickupTextLabel.swift */ = {isa = PBXFileReference; lastKnownFileType = sourcecode.swift; path = PickupTextLabel.swift; sourceTree = "<group>"; };
/* End PBXFileReference section */

/* Begin PBXFrameworksBuildPhase section */
		A690FAAF263CDBAD005F1C98 /* Frameworks */ = {
			isa = PBXFrameworksBuildPhase;
			buildActionMask = 2147483647;
			files = (
				4B90C82332896B992C13F081 /* Pods_Papanam.framework in Frameworks */,
			);
			runOnlyForDeploymentPostprocessing = 0;
		};
/* End PBXFrameworksBuildPhase section */

/* Begin PBXGroup section */
		50404E5F9B630AE1062DBC26 /* Frameworks */ = {
			isa = PBXGroup;
			children = (
				7504795B2F93CBD9C554EC90 /* Pods_Papanam.framework */,
			);
			name = Frameworks;
			sourceTree = "<group>";
		};
		A62C321A264B639D0015E2E0 /* Settings */ = {
			isa = PBXGroup;
			children = (
				A614F094264A6D6F007610C6 /* SettingsController.swift */,
				A62C321B264B63B00015E2E0 /* AddLocationController.swift */,
			);
			path = Settings;
			sourceTree = "<group>";
		};
		A64A7A9C2640DA68009FBF48 /* Form */ = {
			isa = PBXGroup;
			children = (
				A690FAD2263CEB0A005F1C98 /* FormTextField.swift */,
				A690FAD4263CEC0C005F1C98 /* FormFieldContainer.swift */,
				A690FADA263CF4E0005F1C98 /* FormButton.swift */,
				A690FADC263CF61D005F1C98 /* FormAttributedButton.swift */,
			);
			path = Form;
			sourceTree = "<group>";
		};
		A64A7A9D2640DA8A009FBF48 /* LocationInput */ = {
			isa = PBXGroup;
			children = (
				A6B62DD4263FF33B008BB0EB /* LocationInputView.swift */,
				A6B62DD6263FFE31008BB0EB /* LocationInputTextField.swift */,
				A64A7A9A2640D1BF009FBF48 /* LocationInputCell.swift */,
			);
			path = LocationInput;
			sourceTree = "<group>";
		};
		A6651DDA264909BE004064A2 /* SideMenu */ = {
			isa = PBXGroup;
			children = (
				A6651DDB264909DE004064A2 /* MenuController.swift */,
				A6651DDD264909F2004064A2 /* ContainerController.swift */,
			);
			path = SideMenu;
			sourceTree = "<group>";
		};
		A6651DDF264913B1004064A2 /* Auth */ = {
			isa = PBXGroup;
			children = (
				A6B62DC7263F9572008BB0EB /* RegistrationViewModel.swift */,
				A6B62DC9263F9AA7008BB0EB /* LoginViewModel.swift */,
			);
			path = Auth;
			sourceTree = "<group>";
		};
		A690FAA9263CDBAD005F1C98 = {
			isa = PBXGroup;
			children = (
				A690FAB4263CDBAD005F1C98 /* Papanam */,
				A690FAB3263CDBAD005F1C98 /* Products */,
				BC65EB6C6B31E047EDE7E4AB /* Pods */,
				50404E5F9B630AE1062DBC26 /* Frameworks */,
			);
			sourceTree = "<group>";
		};
		A690FAB3263CDBAD005F1C98 /* Products */ = {
			isa = PBXGroup;
			children = (
				A690FAB2263CDBAD005F1C98 /* Papanam.app */,
			);
			name = Products;
			sourceTree = "<group>";
		};
		A690FAB4263CDBAD005F1C98 /* Papanam */ = {
			isa = PBXGroup;
			children = (
				A6B62DC6263F9565008BB0EB /* ViewModels */,
				A6B62DBF263F8772008BB0EB /* Models */,
				A6B62DBC263F8731008BB0EB /* Services */,
				A690FAD1263CEA96005F1C98 /* Views */,
				A690FACC263CDDE4005F1C98 /* Extensions */,
				A690FAC9263CDCD4005F1C98 /* Controllers */,
				A690FAB5263CDBAD005F1C98 /* AppDelegate.swift */,
				A690FAB7263CDBAD005F1C98 /* SceneDelegate.swift */,
				A690FABE263CDBAE005F1C98 /* Assets.xcassets */,
				A690FAC0263CDBAE005F1C98 /* LaunchScreen.storyboard */,
				A690FAC3263CDBAE005F1C98 /* Info.plist */,
				A6B62DC4263F9240008BB0EB /* GoogleService-Info.plist */,
			);
			path = Papanam;
			sourceTree = "<group>";
		};
		A690FAC9263CDCD4005F1C98 /* Controllers */ = {
			isa = PBXGroup;
			children = (
				A62C321A264B639D0015E2E0 /* Settings */,
				A6651DDA264909BE004064A2 /* SideMenu */,
				A6B62DCF263FCB27008BB0EB /* Auth */,
				A6B62DCD263FC779008BB0EB /* HomeController.swift */,
				A6C5BB5626437F3100D78520 /* PickupController.swift */,
			);
			path = Controllers;
			sourceTree = "<group>";
		};
		A690FACC263CDDE4005F1C98 /* Extensions */ = {
			isa = PBXGroup;
			children = (
				A690FACD263CDDFA005F1C98 /* UIView+Extensions.swift */,
				A690FACF263CDFD0005F1C98 /* UIColor+Extensions.swift */,
				A690FAD6263CED0F005F1C98 /* UIImage+Extensions.swift */,
				A690FAE0263CFE0D005F1C98 /* UILabel+Extensions.swift */,
				A6B62DC2263F8E64008BB0EB /* Encodable+Extensions.swift */,
				A64A7AA2264115A7009FBF48 /* Database+Extensions.swift */,
				A64A7AA62641231A009FBF48 /* MKAnnotationView+Extensions.swift */,
				A68D457F26422E0F000D969C /* MKPlacemark+Extensions.swift */,
				A68D458326427440000D969C /* MKMapView+Extensions.swift */,
				A6C5BB5A26438D9A00D78520 /* CLLocationCoordinate2D+Extensions.swift */,
				A6C5BB602643BC5200D78520 /* CLPlacemark+Extensions.swift */,
			);
			path = Extensions;
			sourceTree = "<group>";
		};
		A690FAD1263CEA96005F1C98 /* Views */ = {
			isa = PBXGroup;
			children = (
				A64A7A9D2640DA8A009FBF48 /* LocationInput */,
				A64A7A9C2640DA68009FBF48 /* Form */,
				A6B62DD2263FE0B2008BB0EB /* LocationInputActivationView.swift */,
				A68D45812642653E000D969C /* RideActionView.swift */,
				A6C5BB622643C6B600D78520 /* PickupTextLabel.swift */,
				A6651DE226491D42004064A2 /* MenuHeader.swift */,
				A614F096264A7615007610C6 /* UserInfoHeader.swift */,
				A62C321D264BABC10015E2E0 /* CircularProgressView.swift */,
			);
			path = Views;
			sourceTree = "<group>";
		};
		A6B62DBC263F8731008BB0EB /* Services */ = {
			isa = PBXGroup;
			children = (
				A6B62DBD263F8746008BB0EB /* AuthService.swift */,
				A64A7A9E2640EF9D009FBF48 /* LocationService.swift */,
				A6651DD6264901DB004064A2 /* DriverService.swift */,
				A6651DD8264903DB004064A2 /* PassengerService.swift */,
			);
			path = Services;
			sourceTree = "<group>";
		};
		A6B62DBF263F8772008BB0EB /* Models */ = {
			isa = PBXGroup;
			children = (
				A6B62DC0263F8783008BB0EB /* NewUser.swift */,
				A6B62DCB263F9D46008BB0EB /* User.swift */,
				A64A7AA426411E99009FBF48 /* DriverAnnotation.swift */,
				A68D458726427FBC000D969C /* Trip.swift */,
				A6C5BB5E26439B4B00D78520 /* Place.swift */,
				A62C3218264B5FC90015E2E0 /* SettingsViewModel.swift */,
			);
			path = Models;
			sourceTree = "<group>";
		};
		A6B62DC6263F9565008BB0EB /* ViewModels */ = {
			isa = PBXGroup;
			children = (
				A6651DDF264913B1004064A2 /* Auth */,
				A6B62DD0263FCE03008BB0EB /* HomeViewModel.swift */,
				A6C5BB5826437FC300D78520 /* PickupViewModel.swift */,
				A69CEE992644E09600AF27CF /* RideActionViewModel.swift */,
				A6651DE02649140F004064A2 /* ContainerViewModel.swift */,
				A6651DE426491E28004064A2 /* MenuViewModel.swift */,
				A614F092264A1E0A007610C6 /* MenuOptionsViewModel.swift */,
			);
			path = ViewModels;
			sourceTree = "<group>";
		};
		A6B62DCF263FCB27008BB0EB /* Auth */ = {
			isa = PBXGroup;
			children = (
				A690FACA263CDD75005F1C98 /* LoginController.swift */,
				A690FADE263CFC86005F1C98 /* RegistrationController.swift */,
			);
			path = Auth;
			sourceTree = "<group>";
		};
		BC65EB6C6B31E047EDE7E4AB /* Pods */ = {
			isa = PBXGroup;
			children = (
				2605A12B7A5AC82D956F0CDD /* Pods-Papanam.debug.xcconfig */,
				43AB806A337280800B293647 /* Pods-Papanam.release.xcconfig */,
			);
			path = Pods;
			sourceTree = "<group>";
		};
/* End PBXGroup section */

/* Begin PBXNativeTarget section */
		A690FAB1263CDBAD005F1C98 /* Papanam */ = {
			isa = PBXNativeTarget;
			buildConfigurationList = A690FAC6263CDBAE005F1C98 /* Build configuration list for PBXNativeTarget "Papanam" */;
			buildPhases = (
				180E140A140A729AC6505B0E /* [CP] Check Pods Manifest.lock */,
				A690FAAE263CDBAD005F1C98 /* Sources */,
				A690FAAF263CDBAD005F1C98 /* Frameworks */,
				A690FAB0263CDBAD005F1C98 /* Resources */,
				47BDC6E3A48A32875C04937E /* [CP] Embed Pods Frameworks */,
			);
			buildRules = (
			);
			dependencies = (
			);
			name = Papanam;
			productName = Papanam;
			productReference = A690FAB2263CDBAD005F1C98 /* Papanam.app */;
			productType = "com.apple.product-type.application";
		};
/* End PBXNativeTarget section */

/* Begin PBXProject section */
		A690FAAA263CDBAD005F1C98 /* Project object */ = {
			isa = PBXProject;
			attributes = {
				LastSwiftUpdateCheck = 1250;
				LastUpgradeCheck = 1250;
				TargetAttributes = {
					A690FAB1263CDBAD005F1C98 = {
						CreatedOnToolsVersion = 12.5;
					};
				};
			};
			buildConfigurationList = A690FAAD263CDBAD005F1C98 /* Build configuration list for PBXProject "Papanam" */;
			compatibilityVersion = "Xcode 9.3";
			developmentRegion = en;
			hasScannedForEncodings = 0;
			knownRegions = (
				en,
				Base,
			);
			mainGroup = A690FAA9263CDBAD005F1C98;
			productRefGroup = A690FAB3263CDBAD005F1C98 /* Products */;
			projectDirPath = "";
			projectRoot = "";
			targets = (
				A690FAB1263CDBAD005F1C98 /* Papanam */,
			);
		};
/* End PBXProject section */

/* Begin PBXResourcesBuildPhase section */
		A690FAB0263CDBAD005F1C98 /* Resources */ = {
			isa = PBXResourcesBuildPhase;
			buildActionMask = 2147483647;
			files = (
				A690FAC2263CDBAE005F1C98 /* LaunchScreen.storyboard in Resources */,
				A690FABF263CDBAE005F1C98 /* Assets.xcassets in Resources */,
				A6B62DC5263F9240008BB0EB /* GoogleService-Info.plist in Resources */,
			);
			runOnlyForDeploymentPostprocessing = 0;
		};
/* End PBXResourcesBuildPhase section */

/* Begin PBXShellScriptBuildPhase section */
		180E140A140A729AC6505B0E /* [CP] Check Pods Manifest.lock */ = {
			isa = PBXShellScriptBuildPhase;
			buildActionMask = 2147483647;
			files = (
			);
			inputFileListPaths = (
			);
			inputPaths = (
				"${PODS_PODFILE_DIR_PATH}/Podfile.lock",
				"${PODS_ROOT}/Manifest.lock",
			);
			name = "[CP] Check Pods Manifest.lock";
			outputFileListPaths = (
			);
			outputPaths = (
				"$(DERIVED_FILE_DIR)/Pods-Papanam-checkManifestLockResult.txt",
			);
			runOnlyForDeploymentPostprocessing = 0;
			shellPath = /bin/sh;
			shellScript = "diff \"${PODS_PODFILE_DIR_PATH}/Podfile.lock\" \"${PODS_ROOT}/Manifest.lock\" > /dev/null\nif [ $? != 0 ] ; then\n    # print error to STDERR\n    echo \"error: The sandbox is not in sync with the Podfile.lock. Run 'pod install' or update your CocoaPods installation.\" >&2\n    exit 1\nfi\n# This output is used by Xcode 'outputs' to avoid re-running this script phase.\necho \"SUCCESS\" > \"${SCRIPT_OUTPUT_FILE_0}\"\n";
			showEnvVarsInLog = 0;
		};
		47BDC6E3A48A32875C04937E /* [CP] Embed Pods Frameworks */ = {
			isa = PBXShellScriptBuildPhase;
			buildActionMask = 2147483647;
			files = (
			);
			inputFileListPaths = (
				"${PODS_ROOT}/Target Support Files/Pods-Papanam/Pods-Papanam-frameworks-${CONFIGURATION}-input-files.xcfilelist",
			);
			name = "[CP] Embed Pods Frameworks";
			outputFileListPaths = (
				"${PODS_ROOT}/Target Support Files/Pods-Papanam/Pods-Papanam-frameworks-${CONFIGURATION}-output-files.xcfilelist",
			);
			runOnlyForDeploymentPostprocessing = 0;
			shellPath = /bin/sh;
			shellScript = "\"${PODS_ROOT}/Target Support Files/Pods-Papanam/Pods-Papanam-frameworks.sh\"\n";
			showEnvVarsInLog = 0;
		};
/* End PBXShellScriptBuildPhase section */

/* Begin PBXSourcesBuildPhase section */
		A690FAAE263CDBAD005F1C98 /* Sources */ = {
			isa = PBXSourcesBuildPhase;
			buildActionMask = 2147483647;
			files = (
				A68D458826427FBC000D969C /* Trip.swift in Sources */,
				A690FAE1263CFE0D005F1C98 /* UILabel+Extensions.swift in Sources */,
				A69CEE9A2644E09600AF27CF /* RideActionViewModel.swift in Sources */,
				A68D458426427440000D969C /* MKMapView+Extensions.swift in Sources */,
				A6C5BB5F26439B4B00D78520 /* Place.swift in Sources */,
				A690FACB263CDD75005F1C98 /* LoginController.swift in Sources */,
				A6651DE12649140F004064A2 /* ContainerViewModel.swift in Sources */,
				A6C5BB5926437FC300D78520 /* PickupViewModel.swift in Sources */,
				A690FADD263CF61D005F1C98 /* FormAttributedButton.swift in Sources */,
				A6C5BB5726437F3100D78520 /* PickupController.swift in Sources */,
				A64A7A9B2640D1BF009FBF48 /* LocationInputCell.swift in Sources */,
				A6651DE526491E28004064A2 /* MenuViewModel.swift in Sources */,
				A64A7AA526411E99009FBF48 /* DriverAnnotation.swift in Sources */,
				A6B62DD1263FCE03008BB0EB /* HomeViewModel.swift in Sources */,
				A64A7AA72641231A009FBF48 /* MKAnnotationView+Extensions.swift in Sources */,
				A690FAD3263CEB0A005F1C98 /* FormTextField.swift in Sources */,
				A68D458026422E0F000D969C /* MKPlacemark+Extensions.swift in Sources */,
				A690FAD0263CDFD0005F1C98 /* UIColor+Extensions.swift in Sources */,
				A62C321C264B63B00015E2E0 /* AddLocationController.swift in Sources */,
				A6651DD9264903DB004064A2 /* PassengerService.swift in Sources */,
				A6651DE326491D42004064A2 /* MenuHeader.swift in Sources */,
				A6B62DD7263FFE31008BB0EB /* LocationInputTextField.swift in Sources */,
				A690FAB6263CDBAD005F1C98 /* AppDelegate.swift in Sources */,
				A6B62DBE263F8746008BB0EB /* AuthService.swift in Sources */,
				A6B62DC3263F8E64008BB0EB /* Encodable+Extensions.swift in Sources */,
				A614F095264A6D6F007610C6 /* SettingsController.swift in Sources */,
				A6C5BB612643BC5200D78520 /* CLPlacemark+Extensions.swift in Sources */,
				A6651DDC264909DE004064A2 /* MenuController.swift in Sources */,
				A690FAD5263CEC0C005F1C98 /* FormFieldContainer.swift in Sources */,
				A6C5BB5B26438D9A00D78520 /* CLLocationCoordinate2D+Extensions.swift in Sources */,
				A614F097264A7615007610C6 /* UserInfoHeader.swift in Sources */,
				A614F093264A1E0A007610C6 /* MenuOptionsViewModel.swift in Sources */,
				A6B62DD5263FF33B008BB0EB /* LocationInputView.swift in Sources */,
				A690FADF263CFC86005F1C98 /* RegistrationController.swift in Sources */,
				A6B62DCA263F9AA7008BB0EB /* LoginViewModel.swift in Sources */,
				A690FADB263CF4E0005F1C98 /* FormButton.swift in Sources */,
				A62C3219264B5FC90015E2E0 /* SettingsViewModel.swift in Sources */,
				A690FACE263CDDFA005F1C98 /* UIView+Extensions.swift in Sources */,
				A6651DD7264901DB004064A2 /* DriverService.swift in Sources */,
				A64A7A9F2640EF9D009FBF48 /* LocationService.swift in Sources */,
				A690FAB8263CDBAD005F1C98 /* SceneDelegate.swift in Sources */,
				A64A7AA3264115A7009FBF48 /* Database+Extensions.swift in Sources */,
				A68D45822642653E000D969C /* RideActionView.swift in Sources */,
				A6651DDE264909F2004064A2 /* ContainerController.swift in Sources */,
				A6B62DCC263F9D46008BB0EB /* User.swift in Sources */,
				A6B62DC8263F9572008BB0EB /* RegistrationViewModel.swift in Sources */,
				A6C5BB632643C6B600D78520 /* PickupTextLabel.swift in Sources */,
				A690FAD7263CED0F005F1C98 /* UIImage+Extensions.swift in Sources */,
				A6B62DCE263FC779008BB0EB /* HomeController.swift in Sources */,
				A6B62DD3263FE0B2008BB0EB /* LocationInputActivationView.swift in Sources */,
				A62C321E264BABC10015E2E0 /* CircularProgressView.swift in Sources */,
				A6B62DC1263F8783008BB0EB /* NewUser.swift in Sources */,
			);
			runOnlyForDeploymentPostprocessing = 0;
		};
/* End PBXSourcesBuildPhase section */

/* Begin PBXVariantGroup section */
		A690FAC0263CDBAE005F1C98 /* LaunchScreen.storyboard */ = {
			isa = PBXVariantGroup;
			children = (
				A690FAC1263CDBAE005F1C98 /* Base */,
			);
			name = LaunchScreen.storyboard;
			sourceTree = "<group>";
		};
/* End PBXVariantGroup section */

/* Begin XCBuildConfiguration section */
		A690FAC4263CDBAE005F1C98 /* Debug */ = {
			isa = XCBuildConfiguration;
			buildSettings = {
				ALWAYS_SEARCH_USER_PATHS = NO;
				CLANG_ANALYZER_NONNULL = YES;
				CLANG_ANALYZER_NUMBER_OBJECT_CONVERSION = YES_AGGRESSIVE;
				CLANG_CXX_LANGUAGE_STANDARD = "gnu++14";
				CLANG_CXX_LIBRARY = "libc++";
				CLANG_ENABLE_MODULES = YES;
				CLANG_ENABLE_OBJC_ARC = YES;
				CLANG_ENABLE_OBJC_WEAK = YES;
				CLANG_WARN_BLOCK_CAPTURE_AUTORELEASING = YES;
				CLANG_WARN_BOOL_CONVERSION = YES;
				CLANG_WARN_COMMA = YES;
				CLANG_WARN_CONSTANT_CONVERSION = YES;
				CLANG_WARN_DEPRECATED_OBJC_IMPLEMENTATIONS = YES;
				CLANG_WARN_DIRECT_OBJC_ISA_USAGE = YES_ERROR;
				CLANG_WARN_DOCUMENTATION_COMMENTS = YES;
				CLANG_WARN_EMPTY_BODY = YES;
				CLANG_WARN_ENUM_CONVERSION = YES;
				CLANG_WARN_INFINITE_RECURSION = YES;
				CLANG_WARN_INT_CONVERSION = YES;
				CLANG_WARN_NON_LITERAL_NULL_CONVERSION = YES;
				CLANG_WARN_OBJC_IMPLICIT_RETAIN_SELF = YES;
				CLANG_WARN_OBJC_LITERAL_CONVERSION = YES;
				CLANG_WARN_OBJC_ROOT_CLASS = YES_ERROR;
				CLANG_WARN_QUOTED_INCLUDE_IN_FRAMEWORK_HEADER = YES;
				CLANG_WARN_RANGE_LOOP_ANALYSIS = YES;
				CLANG_WARN_STRICT_PROTOTYPES = YES;
				CLANG_WARN_SUSPICIOUS_MOVE = YES;
				CLANG_WARN_UNGUARDED_AVAILABILITY = YES_AGGRESSIVE;
				CLANG_WARN_UNREACHABLE_CODE = YES;
				CLANG_WARN__DUPLICATE_METHOD_MATCH = YES;
				COPY_PHASE_STRIP = NO;
				DEBUG_INFORMATION_FORMAT = dwarf;
				ENABLE_STRICT_OBJC_MSGSEND = YES;
				ENABLE_TESTABILITY = YES;
				GCC_C_LANGUAGE_STANDARD = gnu11;
				GCC_DYNAMIC_NO_PIC = NO;
				GCC_NO_COMMON_BLOCKS = YES;
				GCC_OPTIMIZATION_LEVEL = 0;
				GCC_PREPROCESSOR_DEFINITIONS = (
					"DEBUG=1",
					"$(inherited)",
				);
				GCC_WARN_64_TO_32_BIT_CONVERSION = YES;
				GCC_WARN_ABOUT_RETURN_TYPE = YES_ERROR;
				GCC_WARN_UNDECLARED_SELECTOR = YES;
				GCC_WARN_UNINITIALIZED_AUTOS = YES_AGGRESSIVE;
				GCC_WARN_UNUSED_FUNCTION = YES;
				GCC_WARN_UNUSED_VARIABLE = YES;
				IPHONEOS_DEPLOYMENT_TARGET = 14.5;
				MTL_ENABLE_DEBUG_INFO = INCLUDE_SOURCE;
				MTL_FAST_MATH = YES;
				ONLY_ACTIVE_ARCH = YES;
				SDKROOT = iphoneos;
				SWIFT_ACTIVE_COMPILATION_CONDITIONS = DEBUG;
				SWIFT_OPTIMIZATION_LEVEL = "-Onone";
			};
			name = Debug;
		};
		A690FAC5263CDBAE005F1C98 /* Release */ = {
			isa = XCBuildConfiguration;
			buildSettings = {
				ALWAYS_SEARCH_USER_PATHS = NO;
				CLANG_ANALYZER_NONNULL = YES;
				CLANG_ANALYZER_NUMBER_OBJECT_CONVERSION = YES_AGGRESSIVE;
				CLANG_CXX_LANGUAGE_STANDARD = "gnu++14";
				CLANG_CXX_LIBRARY = "libc++";
				CLANG_ENABLE_MODULES = YES;
				CLANG_ENABLE_OBJC_ARC = YES;
				CLANG_ENABLE_OBJC_WEAK = YES;
				CLANG_WARN_BLOCK_CAPTURE_AUTORELEASING = YES;
				CLANG_WARN_BOOL_CONVERSION = YES;
				CLANG_WARN_COMMA = YES;
				CLANG_WARN_CONSTANT_CONVERSION = YES;
				CLANG_WARN_DEPRECATED_OBJC_IMPLEMENTATIONS = YES;
				CLANG_WARN_DIRECT_OBJC_ISA_USAGE = YES_ERROR;
				CLANG_WARN_DOCUMENTATION_COMMENTS = YES;
				CLANG_WARN_EMPTY_BODY = YES;
				CLANG_WARN_ENUM_CONVERSION = YES;
				CLANG_WARN_INFINITE_RECURSION = YES;
				CLANG_WARN_INT_CONVERSION = YES;
				CLANG_WARN_NON_LITERAL_NULL_CONVERSION = YES;
				CLANG_WARN_OBJC_IMPLICIT_RETAIN_SELF = YES;
				CLANG_WARN_OBJC_LITERAL_CONVERSION = YES;
				CLANG_WARN_OBJC_ROOT_CLASS = YES_ERROR;
				CLANG_WARN_QUOTED_INCLUDE_IN_FRAMEWORK_HEADER = YES;
				CLANG_WARN_RANGE_LOOP_ANALYSIS = YES;
				CLANG_WARN_STRICT_PROTOTYPES = YES;
				CLANG_WARN_SUSPICIOUS_MOVE = YES;
				CLANG_WARN_UNGUARDED_AVAILABILITY = YES_AGGRESSIVE;
				CLANG_WARN_UNREACHABLE_CODE = YES;
				CLANG_WARN__DUPLICATE_METHOD_MATCH = YES;
				COPY_PHASE_STRIP = NO;
				DEBUG_INFORMATION_FORMAT = "dwarf-with-dsym";
				ENABLE_NS_ASSERTIONS = NO;
				ENABLE_STRICT_OBJC_MSGSEND = YES;
				GCC_C_LANGUAGE_STANDARD = gnu11;
				GCC_NO_COMMON_BLOCKS = YES;
				GCC_WARN_64_TO_32_BIT_CONVERSION = YES;
				GCC_WARN_ABOUT_RETURN_TYPE = YES_ERROR;
				GCC_WARN_UNDECLARED_SELECTOR = YES;
				GCC_WARN_UNINITIALIZED_AUTOS = YES_AGGRESSIVE;
				GCC_WARN_UNUSED_FUNCTION = YES;
				GCC_WARN_UNUSED_VARIABLE = YES;
				IPHONEOS_DEPLOYMENT_TARGET = 14.5;
				MTL_ENABLE_DEBUG_INFO = NO;
				MTL_FAST_MATH = YES;
				SDKROOT = iphoneos;
				SWIFT_COMPILATION_MODE = wholemodule;
				SWIFT_OPTIMIZATION_LEVEL = "-O";
				VALIDATE_PRODUCT = YES;
			};
			name = Release;
		};
		A690FAC7263CDBAE005F1C98 /* Debug */ = {
			isa = XCBuildConfiguration;
			baseConfigurationReference = 2605A12B7A5AC82D956F0CDD /* Pods-Papanam.debug.xcconfig */;
			buildSettings = {
				ASSETCATALOG_COMPILER_APPICON_NAME = AppIcon;
				ASSETCATALOG_COMPILER_GLOBAL_ACCENT_COLOR_NAME = AccentColor;
				CODE_SIGN_STYLE = Automatic;
				DEVELOPMENT_TEAM = T792HGNPDD;
				INFOPLIST_FILE = Papanam/Info.plist;
				LD_RUNPATH_SEARCH_PATHS = (
					"$(inherited)",
					"@executable_path/Frameworks",
				);
				PRODUCT_BUNDLE_IDENTIFIER = com.senducusin.Papanam;
				PRODUCT_NAME = "$(TARGET_NAME)";
				SWIFT_VERSION = 5.0;
				TARGETED_DEVICE_FAMILY = "1,2";
			};
			name = Debug;
		};
		A690FAC8263CDBAE005F1C98 /* Release */ = {
			isa = XCBuildConfiguration;
			baseConfigurationReference = 43AB806A337280800B293647 /* Pods-Papanam.release.xcconfig */;
			buildSettings = {
				ASSETCATALOG_COMPILER_APPICON_NAME = AppIcon;
				ASSETCATALOG_COMPILER_GLOBAL_ACCENT_COLOR_NAME = AccentColor;
				CODE_SIGN_STYLE = Automatic;
				DEVELOPMENT_TEAM = T792HGNPDD;
				INFOPLIST_FILE = Papanam/Info.plist;
				LD_RUNPATH_SEARCH_PATHS = (
					"$(inherited)",
					"@executable_path/Frameworks",
				);
				PRODUCT_BUNDLE_IDENTIFIER = com.senducusin.Papanam;
				PRODUCT_NAME = "$(TARGET_NAME)";
				SWIFT_VERSION = 5.0;
				TARGETED_DEVICE_FAMILY = "1,2";
			};
			name = Release;
		};
/* End XCBuildConfiguration section */

/* Begin XCConfigurationList section */
		A690FAAD263CDBAD005F1C98 /* Build configuration list for PBXProject "Papanam" */ = {
			isa = XCConfigurationList;
			buildConfigurations = (
				A690FAC4263CDBAE005F1C98 /* Debug */,
				A690FAC5263CDBAE005F1C98 /* Release */,
			);
			defaultConfigurationIsVisible = 0;
			defaultConfigurationName = Release;
		};
		A690FAC6263CDBAE005F1C98 /* Build configuration list for PBXNativeTarget "Papanam" */ = {
			isa = XCConfigurationList;
			buildConfigurations = (
				A690FAC7263CDBAE005F1C98 /* Debug */,
				A690FAC8263CDBAE005F1C98 /* Release */,
			);
			defaultConfigurationIsVisible = 0;
			defaultConfigurationName = Release;
		};
/* End XCConfigurationList section */
	};
	rootObject = A690FAAA263CDBAD005F1C98 /* Project object */;
}
